
Microsoft Visual Studio Solution File, Format Version 12.00
# Visual Studio Version 17
VisualStudioVersion = 17.10.34928.147
MinimumVisualStudioVersion = 10.0.40219.1
Project("{8BC9CEB8-8B4A-11D0-8D11-00A0C91BC942}") = "Proyecto - verificarEcuacion", "Proyecto - verificarEcuacion\Proyecto - verificarEcuacion.vcxproj", "{CC6BB8C6-4578-404D-8C76-C3A09936243B}"
EndProject
Global
	GlobalSection(SolutionConfigurationPlatforms) = preSolution
		Debug|x64 = Debug|x64
		Debug|x86 = Debug|x86
		Release|x64 = Release|x64
		Release|x86 = Release|x86
	EndGlobalSection
	GlobalSection(ProjectConfigurationPlatforms) = postSolution
		{CC6BB8C6-4578-404D-8C76-C3A09936243B}.Debug|x64.ActiveCfg = Debug|x64
		{CC6BB8C6-4578-404D-8C76-C3A09936243B}.Debug|x64.Build.0 = Debug|x64
		{CC6BB8C6-4578-404D-8C76-C3A09936243B}.Debug|x86.ActiveCfg = Debug|Win32
		{CC6BB8C6-4578-404D-8C76-C3A09936243B}.Debug|x86.Build.0 = Debug|Win32
		{CC6BB8C6-4578-404D-8C76-C3A09936243B}.Release|x64.ActiveCfg = Release|x64
		{CC6BB8C6-4578-404D-8C76-C3A09936243B}.Release|x64.Build.0 = Release|x64
		{CC6BB8C6-4578-404D-8C76-C3A09936243B}.Release|x86.ActiveCfg = Release|Win32
		{CC6BB8C6-4578-404D-8C76-C3A09936243B}.Release|x86.Build.0 = Release|Win32
	EndGlobalSection
	GlobalSection(SolutionProperties) = preSolution
		HideSolutionNode = FALSE
	EndGlobalSection
	GlobalSection(ExtensibilityGlobals) = postSolution
		SolutionGuid = {1B236E64-9DB5-4223-9F53-1F42589CBC36}
	EndGlobalSection
EndGlobal
